{
  "version": "3",
  "packages": {
    "specifiers": {
      "npm:option-t@^49.1.0": "npm:option-t@49.1.0"
    },
    "npm": {
      "option-t@49.1.0": {
        "integrity": "sha512-K5o4+D8rSE1VcmfwrieRZWyShPxX27NEGuZPT11S4CbvjE73YUDR/sanKAYnhVRj6Hn1mKcjfhjhbOCD2ef3qg==",
        "dependencies": {}
      }
    }
  },
  "remote": {},
  "workspace": {
    "dependencies": [
      "npm:option-t@^49.1.0"
    ]
  }
}
